
Microsoft Visual Studio Solution File, Format Version 12.00
# Visual Studio Version 16
VisualStudioVersion = 16.0.29102.190
MinimumVisualStudioVersion = 10.0.40219.1
Project("{888888A0-9F3D-457C-B088-3A5042F75D52}") = "AIMS", "AIMS\AIMS.pyproj", "{B46E6CDA-E109-49A9-A826-4E997BF93AE7}"
EndProject
Global
	GlobalSection(SolutionConfigurationPlatforms) = preSolution
		Debug|Any CPU = Debug|Any CPU
		Release|Any CPU = Release|Any CPU
	EndGlobalSection
	GlobalSection(ProjectConfigurationPlatforms) = postSolution
		{B46E6CDA-E109-49A9-A826-4E997BF93AE7}.Debug|Any CPU.ActiveCfg = Debug|Any CPU
		{B46E6CDA-E109-49A9-A826-4E997BF93AE7}.Release|Any CPU.ActiveCfg = Release|Any CPU
	EndGlobalSection
	GlobalSection(SolutionProperties) = preSolution
		HideSolutionNode = FALSE
	EndGlobalSection
	GlobalSection(ExtensibilityGlobals) = postSolution
		SolutionGuid = {53ACC9F3-CB21-46A3-A5B0-3568291BCE15}
	EndGlobalSection
EndGlobal
